// !$*UTF8*$!
{
	archiveVersion = 1;
	classes = {
	};
	objectVersion = 56;
	objects = {

/* Begin PBXBuildFile section */
		1A13E2822CB5BD0F009610AE /* ActivityView.swift in Sources */ = {isa = PBXBuildFile; fileRef = 1A13E2812CB5BD0F009610AE /* ActivityView.swift */; };
		1A13E2842CB5BE38009610AE /* UserInfoView.swift in Sources */ = {isa = PBXBuildFile; fileRef = 1A13E2832CB5BE38009610AE /* UserInfoView.swift */; };
		1A13E2862CB5BE68009610AE /* ProfileActionsView.swift in Sources */ = {isa = PBXBuildFile; fileRef = 1A13E2852CB5BE68009610AE /* ProfileActionsView.swift */; };
		1A651DE32CD18AE8002B4213 /* DotMenuView.swift in Sources */ = {isa = PBXBuildFile; fileRef = 1A651DE22CD18AE8002B4213 /* DotMenuView.swift */; };
		1A7F191F2CC85A87000AB60E /* StackedCardView.swift in Sources */ = {isa = PBXBuildFile; fileRef = 1A7F191E2CC85A87000AB60E /* StackedCardView.swift */; };
		1A7F19212CC85C12000AB60E /* Item.swift in Sources */ = {isa = PBXBuildFile; fileRef = 1A7F19202CC85C12000AB60E /* Item.swift */; };
		1A7F19242CCB6C84000AB60E /* BookCategoriesView.swift in Sources */ = {isa = PBXBuildFile; fileRef = 1A7F19232CCB6C84000AB60E /* BookCategoriesView.swift */; };
		1A7F19262CCE5CD1000AB60E /* BookView.swift in Sources */ = {isa = PBXBuildFile; fileRef = 1A7F19252CCE5CD1000AB60E /* BookView.swift */; };
		1A7F19282CCE601B000AB60E /* BookModel.swift in Sources */ = {isa = PBXBuildFile; fileRef = 1A7F19272CCE601B000AB60E /* BookModel.swift */; };
		1A7F192A2CCE606B000AB60E /* BookDataManager.swift in Sources */ = {isa = PBXBuildFile; fileRef = 1A7F19292CCE606B000AB60E /* BookDataManager.swift */; };
		1A7F192C2CCE683C000AB60E /* SelectedView.swift in Sources */ = {isa = PBXBuildFile; fileRef = 1A7F192B2CCE683C000AB60E /* SelectedView.swift */; };
		1A7F192E2CCE696E000AB60E /* BookHomeView.swift in Sources */ = {isa = PBXBuildFile; fileRef = 1A7F192D2CCE696E000AB60E /* BookHomeView.swift */; };
		1A7F19302CCE6DFF000AB60E /* MostReadView.swift in Sources */ = {isa = PBXBuildFile; fileRef = 1A7F192F2CCE6DFF000AB60E /* MostReadView.swift */; };
		1A7F19332CCF9C38000AB60E /* AnimatedCardView.swift in Sources */ = {isa = PBXBuildFile; fileRef = 1A7F19322CCF9C38000AB60E /* AnimatedCardView.swift */; };
		1A7F19382CCFAF5E000AB60E /* MatchedGeometryView.swift in Sources */ = {isa = PBXBuildFile; fileRef = 1A7F19372CCFAF5E000AB60E /* MatchedGeometryView.swift */; };
		1A7F193A2CCFC055000AB60E /* CardBraid.swift in Sources */ = {isa = PBXBuildFile; fileRef = 1A7F19392CCFC055000AB60E /* CardBraid.swift */; };
		1A7F193C2CCFD230000AB60E /* CardBraidModel.swift in Sources */ = {isa = PBXBuildFile; fileRef = 1A7F193B2CCFD230000AB60E /* CardBraidModel.swift */; };
		1AA026EB2CB07A9B00D3075E /* SwiftUIPlaygroundApp.swift in Sources */ = {isa = PBXBuildFile; fileRef = 1AA026EA2CB07A9B00D3075E /* SwiftUIPlaygroundApp.swift */; };
		1AA026ED2CB07A9B00D3075E /* ContentView.swift in Sources */ = {isa = PBXBuildFile; fileRef = 1AA026EC2CB07A9B00D3075E /* ContentView.swift */; };
		1AA026EF2CB07A9D00D3075E /* Assets.xcassets in Resources */ = {isa = PBXBuildFile; fileRef = 1AA026EE2CB07A9D00D3075E /* Assets.xcassets */; };
		1AA026F22CB07A9D00D3075E /* Preview Assets.xcassets in Resources */ = {isa = PBXBuildFile; fileRef = 1AA026F12CB07A9D00D3075E /* Preview Assets.xcassets */; };
		1AA026FD2CB07DA100D3075E /* CharEntry.swift in Sources */ = {isa = PBXBuildFile; fileRef = 1AA026FC2CB07DA100D3075E /* CharEntry.swift */; };
		1AA026FF2CB07DC200D3075E /* SearchEntry.swift in Sources */ = {isa = PBXBuildFile; fileRef = 1AA026FE2CB07DC200D3075E /* SearchEntry.swift */; };
		1AA027022CB07DE600D3075E /* LocalDataService.swift in Sources */ = {isa = PBXBuildFile; fileRef = 1AA027012CB07DE600D3075E /* LocalDataService.swift */; };
		1AA027042CB07E0D00D3075E /* ModifiedButtonView.swift in Sources */ = {isa = PBXBuildFile; fileRef = 1AA027032CB07E0D00D3075E /* ModifiedButtonView.swift */; };
		1AA027062CB07E3D00D3075E /* HomeView.swift in Sources */ = {isa = PBXBuildFile; fileRef = 1AA027052CB07E3D00D3075E /* HomeView.swift */; };
		1AA027082CB07E7C00D3075E /* ChartView.swift in Sources */ = {isa = PBXBuildFile; fileRef = 1AA027072CB07E7C00D3075E /* ChartView.swift */; };
		1AA0270A2CB07E9600D3075E /* NowPlaying.swift in Sources */ = {isa = PBXBuildFile; fileRef = 1AA027092CB07E9600D3075E /* NowPlaying.swift */; };
		1AA0270C2CB07ECF00D3075E /* SearchView.swift in Sources */ = {isa = PBXBuildFile; fileRef = 1AA0270B2CB07ECF00D3075E /* SearchView.swift */; };
		1AF780C62CB5C31B0033F9CD /* ProfilePostModel.swift in Sources */ = {isa = PBXBuildFile; fileRef = 1AF780C52CB5C31B0033F9CD /* ProfilePostModel.swift */; };
		1AF780C82CB5C6D10033F9CD /* HighlightView.swift in Sources */ = {isa = PBXBuildFile; fileRef = 1AF780C72CB5C6D10033F9CD /* HighlightView.swift */; };
		1AF780CA2CB5C7030033F9CD /* HighlightDataModel.swift in Sources */ = {isa = PBXBuildFile; fileRef = 1AF780C92CB5C7030033F9CD /* HighlightDataModel.swift */; };
/* End PBXBuildFile section */

/* Begin PBXFileReference section */
		1A13E2812CB5BD0F009610AE /* ActivityView.swift */ = {isa = PBXFileReference; lastKnownFileType = sourcecode.swift; path = ActivityView.swift; sourceTree = "<group>"; };
		1A13E2832CB5BE38009610AE /* UserInfoView.swift */ = {isa = PBXFileReference; lastKnownFileType = sourcecode.swift; path = UserInfoView.swift; sourceTree = "<group>"; };
		1A13E2852CB5BE68009610AE /* ProfileActionsView.swift */ = {isa = PBXFileReference; lastKnownFileType = sourcecode.swift; path = ProfileActionsView.swift; sourceTree = "<group>"; };
		1A651DE22CD18AE8002B4213 /* DotMenuView.swift */ = {isa = PBXFileReference; lastKnownFileType = sourcecode.swift; path = DotMenuView.swift; sourceTree = "<group>"; };
		1A7F191E2CC85A87000AB60E /* StackedCardView.swift */ = {isa = PBXFileReference; lastKnownFileType = sourcecode.swift; path = StackedCardView.swift; sourceTree = "<group>"; };
		1A7F19202CC85C12000AB60E /* Item.swift */ = {isa = PBXFileReference; lastKnownFileType = sourcecode.swift; path = Item.swift; sourceTree = "<group>"; };
		1A7F19232CCB6C84000AB60E /* BookCategoriesView.swift */ = {isa = PBXFileReference; lastKnownFileType = sourcecode.swift; path = BookCategoriesView.swift; sourceTree = "<group>"; };
		1A7F19252CCE5CD1000AB60E /* BookView.swift */ = {isa = PBXFileReference; lastKnownFileType = sourcecode.swift; path = BookView.swift; sourceTree = "<group>"; };
		1A7F19272CCE601B000AB60E /* BookModel.swift */ = {isa = PBXFileReference; lastKnownFileType = sourcecode.swift; path = BookModel.swift; sourceTree = "<group>"; };
		1A7F19292CCE606B000AB60E /* BookDataManager.swift */ = {isa = PBXFileReference; lastKnownFileType = sourcecode.swift; path = BookDataManager.swift; sourceTree = "<group>"; };
		1A7F192B2CCE683C000AB60E /* SelectedView.swift */ = {isa = PBXFileReference; lastKnownFileType = sourcecode.swift; path = SelectedView.swift; sourceTree = "<group>"; };
		1A7F192D2CCE696E000AB60E /* BookHomeView.swift */ = {isa = PBXFileReference; lastKnownFileType = sourcecode.swift; path = BookHomeView.swift; sourceTree = "<group>"; };
		1A7F192F2CCE6DFF000AB60E /* MostReadView.swift */ = {isa = PBXFileReference; lastKnownFileType = sourcecode.swift; path = MostReadView.swift; sourceTree = "<group>"; };
		1A7F19322CCF9C38000AB60E /* AnimatedCardView.swift */ = {isa = PBXFileReference; lastKnownFileType = sourcecode.swift; path = AnimatedCardView.swift; sourceTree = "<group>"; };
		1A7F19372CCFAF5E000AB60E /* MatchedGeometryView.swift */ = {isa = PBXFileReference; lastKnownFileType = sourcecode.swift; path = MatchedGeometryView.swift; sourceTree = "<group>"; };
		1A7F19392CCFC055000AB60E /* CardBraid.swift */ = {isa = PBXFileReference; lastKnownFileType = sourcecode.swift; path = CardBraid.swift; sourceTree = "<group>"; };
		1A7F193B2CCFD230000AB60E /* CardBraidModel.swift */ = {isa = PBXFileReference; lastKnownFileType = sourcecode.swift; path = CardBraidModel.swift; sourceTree = "<group>"; };
		1AA026E72CB07A9B00D3075E /* SwiftUIPlayground.app */ = {isa = PBXFileReference; explicitFileType = wrapper.application; includeInIndex = 0; path = SwiftUIPlayground.app; sourceTree = BUILT_PRODUCTS_DIR; };
		1AA026EA2CB07A9B00D3075E /* SwiftUIPlaygroundApp.swift */ = {isa = PBXFileReference; lastKnownFileType = sourcecode.swift; path = SwiftUIPlaygroundApp.swift; sourceTree = "<group>"; };
		1AA026EC2CB07A9B00D3075E /* ContentView.swift */ = {isa = PBXFileReference; lastKnownFileType = sourcecode.swift; path = ContentView.swift; sourceTree = "<group>"; };
		1AA026EE2CB07A9D00D3075E /* Assets.xcassets */ = {isa = PBXFileReference; lastKnownFileType = folder.assetcatalog; path = Assets.xcassets; sourceTree = "<group>"; };
		1AA026F12CB07A9D00D3075E /* Preview Assets.xcassets */ = {isa = PBXFileReference; lastKnownFileType = folder.assetcatalog; path = "Preview Assets.xcassets"; sourceTree = "<group>"; };
		1AA026FC2CB07DA100D3075E /* CharEntry.swift */ = {isa = PBXFileReference; lastKnownFileType = sourcecode.swift; path = CharEntry.swift; sourceTree = "<group>"; };
		1AA026FE2CB07DC200D3075E /* SearchEntry.swift */ = {isa = PBXFileReference; lastKnownFileType = sourcecode.swift; path = SearchEntry.swift; sourceTree = "<group>"; };
		1AA027012CB07DE600D3075E /* LocalDataService.swift */ = {isa = PBXFileReference; lastKnownFileType = sourcecode.swift; path = LocalDataService.swift; sourceTree = "<group>"; };
		1AA027032CB07E0D00D3075E /* ModifiedButtonView.swift */ = {isa = PBXFileReference; lastKnownFileType = sourcecode.swift; path = ModifiedButtonView.swift; sourceTree = "<group>"; };
		1AA027052CB07E3D00D3075E /* HomeView.swift */ = {isa = PBXFileReference; lastKnownFileType = sourcecode.swift; path = HomeView.swift; sourceTree = "<group>"; };
		1AA027072CB07E7C00D3075E /* ChartView.swift */ = {isa = PBXFileReference; lastKnownFileType = sourcecode.swift; path = ChartView.swift; sourceTree = "<group>"; };
		1AA027092CB07E9600D3075E /* NowPlaying.swift */ = {isa = PBXFileReference; lastKnownFileType = sourcecode.swift; path = NowPlaying.swift; sourceTree = "<group>"; };
		1AA0270B2CB07ECF00D3075E /* SearchView.swift */ = {isa = PBXFileReference; lastKnownFileType = sourcecode.swift; path = SearchView.swift; sourceTree = "<group>"; };
		1AF780C52CB5C31B0033F9CD /* ProfilePostModel.swift */ = {isa = PBXFileReference; lastKnownFileType = sourcecode.swift; path = ProfilePostModel.swift; sourceTree = "<group>"; };
		1AF780C72CB5C6D10033F9CD /* HighlightView.swift */ = {isa = PBXFileReference; lastKnownFileType = sourcecode.swift; path = HighlightView.swift; sourceTree = "<group>"; };
		1AF780C92CB5C7030033F9CD /* HighlightDataModel.swift */ = {isa = PBXFileReference; lastKnownFileType = sourcecode.swift; path = HighlightDataModel.swift; sourceTree = "<group>"; };
/* End PBXFileReference section */

/* Begin PBXFrameworksBuildPhase section */
		1AA026E42CB07A9B00D3075E /* Frameworks */ = {
			isa = PBXFrameworksBuildPhase;
			buildActionMask = 2147483647;
			files = (
			);
			runOnlyForDeploymentPostprocessing = 0;
		};
/* End PBXFrameworksBuildPhase section */

/* Begin PBXGroup section */
		1A651DE12CD184B2002B4213 /* Menus */ = {
			isa = PBXGroup;
			children = (
				1A651DE22CD18AE8002B4213 /* DotMenuView.swift */,
			);
			path = Menus;
			sourceTree = "<group>";
		};
		1A7F191D2CC85A45000AB60E /* CardStacks */ = {
			isa = PBXGroup;
			children = (
				1A7F191E2CC85A87000AB60E /* StackedCardView.swift */,
				1A7F19202CC85C12000AB60E /* Item.swift */,
			);
			path = CardStacks;
			sourceTree = "<group>";
		};
		1A7F19222CCB699D000AB60E /* BookApp */ = {
			isa = PBXGroup;
			children = (
				1A7F19232CCB6C84000AB60E /* BookCategoriesView.swift */,
				1A7F19252CCE5CD1000AB60E /* BookView.swift */,
				1A7F19272CCE601B000AB60E /* BookModel.swift */,
				1A7F19292CCE606B000AB60E /* BookDataManager.swift */,
				1A7F192B2CCE683C000AB60E /* SelectedView.swift */,
				1A7F192D2CCE696E000AB60E /* BookHomeView.swift */,
				1A7F192F2CCE6DFF000AB60E /* MostReadView.swift */,
			);
			path = BookApp;
			sourceTree = "<group>";
		};
		1A7F19312CCF9C0F000AB60E /* CardsAnimations */ = {
			isa = PBXGroup;
			children = (
				1A7F19322CCF9C38000AB60E /* AnimatedCardView.swift */,
			);
			path = CardsAnimations;
			sourceTree = "<group>";
		};
		1A7F19362CCFAF45000AB60E /* MatchedGeometry */ = {
			isa = PBXGroup;
			children = (
				1A7F19372CCFAF5E000AB60E /* MatchedGeometryView.swift */,
				1A7F19392CCFC055000AB60E /* CardBraid.swift */,
				1A7F193B2CCFD230000AB60E /* CardBraidModel.swift */,
			);
			path = MatchedGeometry;
			sourceTree = "<group>";
		};
		1AA026DE2CB07A9B00D3075E = {
			isa = PBXGroup;
			children = (
				1AA026E92CB07A9B00D3075E /* SwiftUIPlayground */,
				1AA026E82CB07A9B00D3075E /* Products */,
			);
			sourceTree = "<group>";
		};
		1AA026E82CB07A9B00D3075E /* Products */ = {
			isa = PBXGroup;
			children = (
				1AA026E72CB07A9B00D3075E /* SwiftUIPlayground.app */,
			);
			name = Products;
			sourceTree = "<group>";
		};
		1AA026E92CB07A9B00D3075E /* SwiftUIPlayground */ = {
			isa = PBXGroup;
			children = (
				1A651DE12CD184B2002B4213 /* Menus */,
				1A7F19362CCFAF45000AB60E /* MatchedGeometry */,
				1A7F19312CCF9C0F000AB60E /* CardsAnimations */,
				1A7F19222CCB699D000AB60E /* BookApp */,
				1A7F191D2CC85A45000AB60E /* CardStacks */,
				1AFF9C522CB5BB02004A26A0 /* InstagramClone */,
				1AA026F82CB07C8200D3075E /* mMusicPlayer */,
				1AA026EA2CB07A9B00D3075E /* SwiftUIPlaygroundApp.swift */,
				1AA026EC2CB07A9B00D3075E /* ContentView.swift */,
				1AA026EE2CB07A9D00D3075E /* Assets.xcassets */,
				1AA026F02CB07A9D00D3075E /* Preview Content */,
			);
			path = SwiftUIPlayground;
			sourceTree = "<group>";
		};
		1AA026F02CB07A9D00D3075E /* Preview Content */ = {
			isa = PBXGroup;
			children = (
				1AA026F12CB07A9D00D3075E /* Preview Assets.xcassets */,
			);
			path = "Preview Content";
			sourceTree = "<group>";
		};
		1AA026F82CB07C8200D3075E /* mMusicPlayer */ = {
			isa = PBXGroup;
			children = (
				1AA027002CB07DCE00D3075E /* Services */,
				1AA026FB2CB07D9400D3075E /* Model */,
				1AA026FA2CB07D7100D3075E /* Views */,
				1AA026F92CB07C9400D3075E /* UUi */,
			);
			path = mMusicPlayer;
			sourceTree = "<group>";
		};
		1AA026F92CB07C9400D3075E /* UUi */ = {
			isa = PBXGroup;
			children = (
				1AA027032CB07E0D00D3075E /* ModifiedButtonView.swift */,
			);
			path = UUi;
			sourceTree = "<group>";
		};
		1AA026FA2CB07D7100D3075E /* Views */ = {
			isa = PBXGroup;
			children = (
				1AA027052CB07E3D00D3075E /* HomeView.swift */,
				1AA027072CB07E7C00D3075E /* ChartView.swift */,
				1AA027092CB07E9600D3075E /* NowPlaying.swift */,
				1AA0270B2CB07ECF00D3075E /* SearchView.swift */,
			);
			path = Views;
			sourceTree = "<group>";
		};
		1AA026FB2CB07D9400D3075E /* Model */ = {
			isa = PBXGroup;
			children = (
				1AA026FC2CB07DA100D3075E /* CharEntry.swift */,
				1AA026FE2CB07DC200D3075E /* SearchEntry.swift */,
			);
			path = Model;
			sourceTree = "<group>";
		};
		1AA027002CB07DCE00D3075E /* Services */ = {
			isa = PBXGroup;
			children = (
				1AA027012CB07DE600D3075E /* LocalDataService.swift */,
			);
			path = Services;
			sourceTree = "<group>";
		};
		1AFF9C522CB5BB02004A26A0 /* InstagramClone */ = {
			isa = PBXGroup;
			children = (
				1A13E2812CB5BD0F009610AE /* ActivityView.swift */,
				1A13E2832CB5BE38009610AE /* UserInfoView.swift */,
				1A13E2852CB5BE68009610AE /* ProfileActionsView.swift */,
				1AF780C52CB5C31B0033F9CD /* ProfilePostModel.swift */,
				1AF780C72CB5C6D10033F9CD /* HighlightView.swift */,
				1AF780C92CB5C7030033F9CD /* HighlightDataModel.swift */,
			);
			path = InstagramClone;
			sourceTree = "<group>";
		};
/* End PBXGroup section */

/* Begin PBXNativeTarget section */
		1AA026E62CB07A9B00D3075E /* SwiftUIPlayground */ = {
			isa = PBXNativeTarget;
			buildConfigurationList = 1AA026F52CB07A9D00D3075E /* Build configuration list for PBXNativeTarget "SwiftUIPlayground" */;
			buildPhases = (
				1AA026E32CB07A9B00D3075E /* Sources */,
				1AA026E42CB07A9B00D3075E /* Frameworks */,
				1AA026E52CB07A9B00D3075E /* Resources */,
			);
			buildRules = (
			);
			dependencies = (
			);
			name = SwiftUIPlayground;
			productName = SwiftUIPlayground;
			productReference = 1AA026E72CB07A9B00D3075E /* SwiftUIPlayground.app */;
			productType = "com.apple.product-type.application";
		};
/* End PBXNativeTarget section */

/* Begin PBXProject section */
		1AA026DF2CB07A9B00D3075E /* Project object */ = {
			isa = PBXProject;
			attributes = {
				BuildIndependentTargetsInParallel = 1;
				LastSwiftUpdateCheck = 1510;
				LastUpgradeCheck = 1510;
				TargetAttributes = {
					1AA026E62CB07A9B00D3075E = {
						CreatedOnToolsVersion = 15.1;
					};
				};
			};
			buildConfigurationList = 1AA026E22CB07A9B00D3075E /* Build configuration list for PBXProject "SwiftUIPlayground" */;
			compatibilityVersion = "Xcode 14.0";
			developmentRegion = en;
			hasScannedForEncodings = 0;
			knownRegions = (
				en,
				Base,
			);
			mainGroup = 1AA026DE2CB07A9B00D3075E;
			productRefGroup = 1AA026E82CB07A9B00D3075E /* Products */;
			projectDirPath = "";
			projectRoot = "";
			targets = (
				1AA026E62CB07A9B00D3075E /* SwiftUIPlayground */,
			);
		};
/* End PBXProject section */

/* Begin PBXResourcesBuildPhase section */
		1AA026E52CB07A9B00D3075E /* Resources */ = {
			isa = PBXResourcesBuildPhase;
			buildActionMask = 2147483647;
			files = (
				1AA026F22CB07A9D00D3075E /* Preview Assets.xcassets in Resources */,
				1AA026EF2CB07A9D00D3075E /* Assets.xcassets in Resources */,
			);
			runOnlyForDeploymentPostprocessing = 0;
		};
/* End PBXResourcesBuildPhase section */

/* Begin PBXSourcesBuildPhase section */
		1AA026E32CB07A9B00D3075E /* Sources */ = {
			isa = PBXSourcesBuildPhase;
			buildActionMask = 2147483647;
			files = (
				1A7F19382CCFAF5E000AB60E /* MatchedGeometryView.swift in Sources */,
				1A7F191F2CC85A87000AB60E /* StackedCardView.swift in Sources */,
				1A13E2822CB5BD0F009610AE /* ActivityView.swift in Sources */,
				1AA0270C2CB07ECF00D3075E /* SearchView.swift in Sources */,
				1A7F19302CCE6DFF000AB60E /* MostReadView.swift in Sources */,
				1AA026FF2CB07DC200D3075E /* SearchEntry.swift in Sources */,
				1A7F192E2CCE696E000AB60E /* BookHomeView.swift in Sources */,
				1A13E2842CB5BE38009610AE /* UserInfoView.swift in Sources */,
				1AA027062CB07E3D00D3075E /* HomeView.swift in Sources */,
				1A7F19282CCE601B000AB60E /* BookModel.swift in Sources */,
				1AA027042CB07E0D00D3075E /* ModifiedButtonView.swift in Sources */,
				1A7F192A2CCE606B000AB60E /* BookDataManager.swift in Sources */,
				1A7F19332CCF9C38000AB60E /* AnimatedCardView.swift in Sources */,
				1AF780CA2CB5C7030033F9CD /* HighlightDataModel.swift in Sources */,
				1A7F192C2CCE683C000AB60E /* SelectedView.swift in Sources */,
				1AA026ED2CB07A9B00D3075E /* ContentView.swift in Sources */,
				1AA027022CB07DE600D3075E /* LocalDataService.swift in Sources */,
				1A7F193C2CCFD230000AB60E /* CardBraidModel.swift in Sources */,
				1A7F19212CC85C12000AB60E /* Item.swift in Sources */,
				1A7F193A2CCFC055000AB60E /* CardBraid.swift in Sources */,
				1AA0270A2CB07E9600D3075E /* NowPlaying.swift in Sources */,
				1AF780C62CB5C31B0033F9CD /* ProfilePostModel.swift in Sources */,
				1A13E2862CB5BE68009610AE /* ProfileActionsView.swift in Sources */,
				1A651DE32CD18AE8002B4213 /* DotMenuView.swift in Sources */,
				1AA026FD2CB07DA100D3075E /* CharEntry.swift in Sources */,
				1AF780C82CB5C6D10033F9CD /* HighlightView.swift in Sources */,
				1AA026EB2CB07A9B00D3075E /* SwiftUIPlaygroundApp.swift in Sources */,
				1AA027082CB07E7C00D3075E /* ChartView.swift in Sources */,
				1A7F19242CCB6C84000AB60E /* BookCategoriesView.swift in Sources */,
				1A7F19262CCE5CD1000AB60E /* BookView.swift in Sources */,
			);
			runOnlyForDeploymentPostprocessing = 0;
		};
/* End PBXSourcesBuildPhase section */

/* Begin XCBuildConfiguration section */
		1AA026F32CB07A9D00D3075E /* Debug */ = {
			isa = XCBuildConfiguration;
			buildSettings = {
				ALWAYS_SEARCH_USER_PATHS = NO;
				ASSETCATALOG_COMPILER_GENERATE_SWIFT_ASSET_SYMBOL_EXTENSIONS = YES;
				CLANG_ANALYZER_NONNULL = YES;
				CLANG_ANALYZER_NUMBER_OBJECT_CONVERSION = YES_AGGRESSIVE;
				CLANG_CXX_LANGUAGE_STANDARD = "gnu++20";
				CLANG_ENABLE_MODULES = YES;
				CLANG_ENABLE_OBJC_ARC = YES;
				CLANG_ENABLE_OBJC_WEAK = YES;
				CLANG_WARN_BLOCK_CAPTURE_AUTORELEASING = YES;
				CLANG_WARN_BOOL_CONVERSION = YES;
				CLANG_WARN_COMMA = YES;
				CLANG_WARN_CONSTANT_CONVERSION = YES;
				CLANG_WARN_DEPRECATED_OBJC_IMPLEMENTATIONS = YES;
				CLANG_WARN_DIRECT_OBJC_ISA_USAGE = YES_ERROR;
				CLANG_WARN_DOCUMENTATION_COMMENTS = YES;
				CLANG_WARN_EMPTY_BODY = YES;
				CLANG_WARN_ENUM_CONVERSION = YES;
				CLANG_WARN_INFINITE_RECURSION = YES;
				CLANG_WARN_INT_CONVERSION = YES;
				CLANG_WARN_NON_LITERAL_NULL_CONVERSION = YES;
				CLANG_WARN_OBJC_IMPLICIT_RETAIN_SELF = YES;
				CLANG_WARN_OBJC_LITERAL_CONVERSION = YES;
				CLANG_WARN_OBJC_ROOT_CLASS = YES_ERROR;
				CLANG_WARN_QUOTED_INCLUDE_IN_FRAMEWORK_HEADER = YES;
				CLANG_WARN_RANGE_LOOP_ANALYSIS = YES;
				CLANG_WARN_STRICT_PROTOTYPES = YES;
				CLANG_WARN_SUSPICIOUS_MOVE = YES;
				CLANG_WARN_UNGUARDED_AVAILABILITY = YES_AGGRESSIVE;
				CLANG_WARN_UNREACHABLE_CODE = YES;
				CLANG_WARN__DUPLICATE_METHOD_MATCH = YES;
				COPY_PHASE_STRIP = NO;
				DEBUG_INFORMATION_FORMAT = dwarf;
				ENABLE_STRICT_OBJC_MSGSEND = YES;
				ENABLE_TESTABILITY = YES;
				ENABLE_USER_SCRIPT_SANDBOXING = YES;
				GCC_C_LANGUAGE_STANDARD = gnu17;
				GCC_DYNAMIC_NO_PIC = NO;
				GCC_NO_COMMON_BLOCKS = YES;
				GCC_OPTIMIZATION_LEVEL = 0;
				GCC_PREPROCESSOR_DEFINITIONS = (
					"DEBUG=1",
					"$(inherited)",
				);
				GCC_WARN_64_TO_32_BIT_CONVERSION = YES;
				GCC_WARN_ABOUT_RETURN_TYPE = YES_ERROR;
				GCC_WARN_UNDECLARED_SELECTOR = YES;
				GCC_WARN_UNINITIALIZED_AUTOS = YES_AGGRESSIVE;
				GCC_WARN_UNUSED_FUNCTION = YES;
				GCC_WARN_UNUSED_VARIABLE = YES;
				IPHONEOS_DEPLOYMENT_TARGET = 17.2;
				LOCALIZATION_PREFERS_STRING_CATALOGS = YES;
				MTL_ENABLE_DEBUG_INFO = INCLUDE_SOURCE;
				MTL_FAST_MATH = YES;
				ONLY_ACTIVE_ARCH = YES;
				SDKROOT = iphoneos;
				SWIFT_ACTIVE_COMPILATION_CONDITIONS = "DEBUG $(inherited)";
				SWIFT_OPTIMIZATION_LEVEL = "-Onone";
			};
			name = Debug;
		};
		1AA026F42CB07A9D00D3075E /* Release */ = {
			isa = XCBuildConfiguration;
			buildSettings = {
				ALWAYS_SEARCH_USER_PATHS = NO;
				ASSETCATALOG_COMPILER_GENERATE_SWIFT_ASSET_SYMBOL_EXTENSIONS = YES;
				CLANG_ANALYZER_NONNULL = YES;
				CLANG_ANALYZER_NUMBER_OBJECT_CONVERSION = YES_AGGRESSIVE;
				CLANG_CXX_LANGUAGE_STANDARD = "gnu++20";
				CLANG_ENABLE_MODULES = YES;
				CLANG_ENABLE_OBJC_ARC = YES;
				CLANG_ENABLE_OBJC_WEAK = YES;
				CLANG_WARN_BLOCK_CAPTURE_AUTORELEASING = YES;
				CLANG_WARN_BOOL_CONVERSION = YES;
				CLANG_WARN_COMMA = YES;
				CLANG_WARN_CONSTANT_CONVERSION = YES;
				CLANG_WARN_DEPRECATED_OBJC_IMPLEMENTATIONS = YES;
				CLANG_WARN_DIRECT_OBJC_ISA_USAGE = YES_ERROR;
				CLANG_WARN_DOCUMENTATION_COMMENTS = YES;
				CLANG_WARN_EMPTY_BODY = YES;
				CLANG_WARN_ENUM_CONVERSION = YES;
				CLANG_WARN_INFINITE_RECURSION = YES;
				CLANG_WARN_INT_CONVERSION = YES;
				CLANG_WARN_NON_LITERAL_NULL_CONVERSION = YES;
				CLANG_WARN_OBJC_IMPLICIT_RETAIN_SELF = YES;
				CLANG_WARN_OBJC_LITERAL_CONVERSION = YES;
				CLANG_WARN_OBJC_ROOT_CLASS = YES_ERROR;
				CLANG_WARN_QUOTED_INCLUDE_IN_FRAMEWORK_HEADER = YES;
				CLANG_WARN_RANGE_LOOP_ANALYSIS = YES;
				CLANG_WARN_STRICT_PROTOTYPES = YES;
				CLANG_WARN_SUSPICIOUS_MOVE = YES;
				CLANG_WARN_UNGUARDED_AVAILABILITY = YES_AGGRESSIVE;
				CLANG_WARN_UNREACHABLE_CODE = YES;
				CLANG_WARN__DUPLICATE_METHOD_MATCH = YES;
				COPY_PHASE_STRIP = NO;
				DEBUG_INFORMATION_FORMAT = "dwarf-with-dsym";
				ENABLE_NS_ASSERTIONS = NO;
				ENABLE_STRICT_OBJC_MSGSEND = YES;
				ENABLE_USER_SCRIPT_SANDBOXING = YES;
				GCC_C_LANGUAGE_STANDARD = gnu17;
				GCC_NO_COMMON_BLOCKS = YES;
				GCC_WARN_64_TO_32_BIT_CONVERSION = YES;
				GCC_WARN_ABOUT_RETURN_TYPE = YES_ERROR;
				GCC_WARN_UNDECLARED_SELECTOR = YES;
				GCC_WARN_UNINITIALIZED_AUTOS = YES_AGGRESSIVE;
				GCC_WARN_UNUSED_FUNCTION = YES;
				GCC_WARN_UNUSED_VARIABLE = YES;
				IPHONEOS_DEPLOYMENT_TARGET = 17.2;
				LOCALIZATION_PREFERS_STRING_CATALOGS = YES;
				MTL_ENABLE_DEBUG_INFO = NO;
				MTL_FAST_MATH = YES;
				SDKROOT = iphoneos;
				SWIFT_COMPILATION_MODE = wholemodule;
				VALIDATE_PRODUCT = YES;
			};
			name = Release;
		};
		1AA026F62CB07A9D00D3075E /* Debug */ = {
			isa = XCBuildConfiguration;
			buildSettings = {
				ASSETCATALOG_COMPILER_APPICON_NAME = AppIcon;
				ASSETCATALOG_COMPILER_GLOBAL_ACCENT_COLOR_NAME = AccentColor;
				CODE_SIGN_STYLE = Automatic;
				CURRENT_PROJECT_VERSION = 1;
				DEVELOPMENT_ASSET_PATHS = "\"SwiftUIPlayground/Preview Content\"";
				ENABLE_PREVIEWS = YES;
				GENERATE_INFOPLIST_FILE = YES;
				INFOPLIST_KEY_UIApplicationSceneManifest_Generation = YES;
				INFOPLIST_KEY_UIApplicationSupportsIndirectInputEvents = YES;
				INFOPLIST_KEY_UILaunchScreen_Generation = YES;
				INFOPLIST_KEY_UISupportedInterfaceOrientations = "UIInterfaceOrientationLandscapeLeft UIInterfaceOrientationLandscapeRight";
				INFOPLIST_KEY_UISupportedInterfaceOrientations_iPad = "UIInterfaceOrientationLandscapeLeft UIInterfaceOrientationLandscapeRight UIInterfaceOrientationPortrait UIInterfaceOrientationPortraitUpsideDown";
				LD_RUNPATH_SEARCH_PATHS = (
					"$(inherited)",
					"@executable_path/Frameworks",
				);
				MARKETING_VERSION = 1.0;
				PRODUCT_BUNDLE_IDENTIFIER = xyz.joanna.SwiftUIPlayground;
				PRODUCT_NAME = "$(TARGET_NAME)";
				SWIFT_EMIT_LOC_STRINGS = YES;
				SWIFT_VERSION = 5.0;
				TARGETED_DEVICE_FAMILY = "1,2";
			};
			name = Debug;
		};
		1AA026F72CB07A9D00D3075E /* Release */ = {
			isa = XCBuildConfiguration;
			buildSettings = {
				ASSETCATALOG_COMPILER_APPICON_NAME = AppIcon;
				ASSETCATALOG_COMPILER_GLOBAL_ACCENT_COLOR_NAME = AccentColor;
				CODE_SIGN_STYLE = Automatic;
				CURRENT_PROJECT_VERSION = 1;
				DEVELOPMENT_ASSET_PATHS = "\"SwiftUIPlayground/Preview Content\"";
				ENABLE_PREVIEWS = YES;
				GENERATE_INFOPLIST_FILE = YES;
				INFOPLIST_KEY_UIApplicationSceneManifest_Generation = YES;
				INFOPLIST_KEY_UIApplicationSupportsIndirectInputEvents = YES;
				INFOPLIST_KEY_UILaunchScreen_Generation = YES;
				INFOPLIST_KEY_UISupportedInterfaceOrientations = "UIInterfaceOrientationLandscapeLeft UIInterfaceOrientationLandscapeRight";
				INFOPLIST_KEY_UISupportedInterfaceOrientations_iPad = "UIInterfaceOrientationLandscapeLeft UIInterfaceOrientationLandscapeRight UIInterfaceOrientationPortrait UIInterfaceOrientationPortraitUpsideDown";
				LD_RUNPATH_SEARCH_PATHS = (
					"$(inherited)",
					"@executable_path/Frameworks",
				);
				MARKETING_VERSION = 1.0;
				PRODUCT_BUNDLE_IDENTIFIER = xyz.joanna.SwiftUIPlayground;
				PRODUCT_NAME = "$(TARGET_NAME)";
				SWIFT_EMIT_LOC_STRINGS = YES;
				SWIFT_VERSION = 5.0;
				TARGETED_DEVICE_FAMILY = "1,2";
			};
			name = Release;
		};
/* End XCBuildConfiguration section */

/* Begin XCConfigurationList section */
		1AA026E22CB07A9B00D3075E /* Build configuration list for PBXProject "SwiftUIPlayground" */ = {
			isa = XCConfigurationList;
			buildConfigurations = (
				1AA026F32CB07A9D00D3075E /* Debug */,
				1AA026F42CB07A9D00D3075E /* Release */,
			);
			defaultConfigurationIsVisible = 0;
			defaultConfigurationName = Release;
		};
		1AA026F52CB07A9D00D3075E /* Build configuration list for PBXNativeTarget "SwiftUIPlayground" */ = {
			isa = XCConfigurationList;
			buildConfigurations = (
				1AA026F62CB07A9D00D3075E /* Debug */,
				1AA026F72CB07A9D00D3075E /* Release */,
			);
			defaultConfigurationIsVisible = 0;
			defaultConfigurationName = Release;
		};
/* End XCConfigurationList section */
	};
	rootObject = 1AA026DF2CB07A9B00D3075E /* Project object */;
}
